Microsoft Visual Studio Solution File, Format Version 12.00
# Visual Studio Version 17
VisualStudioVersion = 17.10.35013.160
MinimumVisualStudioVersion = 10.0.40219.1
Project("{9A19103F-16F7-4668-BE54-9A1E7A4F7556}") = "MicroBoxer.AppHost", "MicroBoxer.AppHost\MicroBoxer.AppHost.csproj", "{9C9D9473-40A3-408E-96CD-DB0B2ABC09EF}"
EndProject
Project("{9A19103F-16F7-4668-BE54-9A1E7A4F7556}") = "MicroBoxer.ServiceDefaults", "MicroBoxer.ServiceDefaults\MicroBoxer.ServiceDefaults.csproj", "{3564D3F5-5783-47ED-9E1C-19946DE4D178}"
EndProject
Project("{9A19103F-16F7-4668-BE54-9A1E7A4F7556}") = "MicroBoxer.Web", "MicroBoxer.Web\MicroBoxer.Web.csproj", "{364DEA51-A572-4628-B226-5C6B310976D4}"
EndProject
Project("{2150E333-8FDC-42A3-9474-1A3956D46DE8}") = "src", "src", "{1159CF12-74FD-4FF7-9FB4-0A86888148F2}"
EndProject
Project("{2150E333-8FDC-42A3-9474-1A3956D46DE8}") = "tests", "tests", "{3C28385B-484C-4C35-8C20-F12CE3D0994F}"
EndProject
Project("{2150E333-8FDC-42A3-9474-1A3956D46DE8}") = "boxes", "boxes", "{1C5C3567-EE60-4814-92A7-61361EC71492}"
EndProject
Project("{2150E333-8FDC-42A3-9474-1A3956D46DE8}") = "identity", "identity", "{E0C9D82F-F499-40D4-819B-E27635DF2B49}"
EndProject
Project("{2150E333-8FDC-42A3-9474-1A3956D46DE8}") = "eventbus", "eventbus", "{C1C1C989-A8E2-4FEC-BB87-57E5BE314032}"
EndProject
Project("{2150E333-8FDC-42A3-9474-1A3956D46DE8}") = "webhook", "webhook", "{5A16724B-F30B-4DFC-A077-1919DE35664E}"
EndProject
Project("{9A19103F-16F7-4668-BE54-9A1E7A4F7556}") = "Boxes.API", "Boxes.API\Boxes.API.csproj", "{E3132CAB-1A1F-4399-9D66-159340A24D05}"
EndProject
Project("{9A19103F-16F7-4668-BE54-9A1E7A4F7556}") = "Boxes.Domain", "Boxes.Domain\Boxes.Domain.csproj", "{6A024CAE-C876-4719-9EDC-A01C4DCE1B78}"
EndProject
Project("{9A19103F-16F7-4668-BE54-9A1E7A4F7556}") = "Boxes.Infrastructure", "Boxes.Infrastructure\Boxes.Infrastructure.csproj", "{D4323325-0171-40F4-9EDA-720B12BEF793}"
EndProject
Project("{9A19103F-16F7-4668-BE54-9A1E7A4F7556}") = "EventBus", "EventBus\EventBus.csproj", "{39F5B47B-1E81-4F94-829A-28544B6AC4DC}"
EndProject
Project("{9A19103F-16F7-4668-BE54-9A1E7A4F7556}") = "EventBusRabbitMQ", "EventBusRabbitMQ\EventBusRabbitMQ.csproj", "{8C1A1D08-CCE2-4C75-9660-3B577924C2F5}"
EndProject
Project("{2150E333-8FDC-42A3-9474-1A3956D46DE8}") = "main", "main", "{44302E69-B92A-4163-AEA4-7CDDC437A9D5}"
EndProject
Project("{9A19103F-16F7-4668-BE54-9A1E7A4F7556}") = "Identity.API", "Identity.API\Identity.API.csproj", "{E260BB61-2382-47B2-B5B9-FBB3F4A821CF}"
EndProject
Project("{9A19103F-16F7-4668-BE54-9A1E7A4F7556}") = "Webhook.API", "Webhook.API\Webhook.API.csproj", "{0BEDB728-A1EF-48C9-850D-F08369D480BB}"
EndProject
Project("{9A19103F-16F7-4668-BE54-9A1E7A4F7556}") = "Webhook.Client", "Webhook.Client\Webhook.Client.csproj", "{EB6D1D45-03CF-4D94-B2D6-7C7DEC5DE325}"
EndProject
Project("{9A19103F-16F7-4668-BE54-9A1E7A4F7556}") = "MicroBoxer.GrpcService", "MicroBoxer.GrpcService\MicroBoxer.GrpcService.csproj", "{931E9D55-9167-4E12-ABDA-AFE33B680E5A}"
EndProject
Project("{9A19103F-16F7-4668-BE54-9A1E7A4F7556}") = "IntegrationEventLogEF", "IntegrationEventLogEF\IntegrationEventLogEF.csproj", "{438E810D-5A0C-4087-AB82-9F0E37C2D715}"
EndProject
Project("{2150E333-8FDC-42A3-9474-1A3956D46DE8}") = "Boxes", "Boxes", "{37A92DE8-9915-45EB-9E02-FD52D0DED5BA}"
EndProject
Project("{9A19103F-16F7-4668-BE54-9A1E7A4F7556}") = "Boxes.UnitTests", "Boxes.UnitTest\Boxes.UnitTests.csproj", "{60EFDDD0-B579-4A72-A739-83F8F45EBF82}"
EndProject
Project("{FAE04EC0-301F-11D3-BF4B-00C04F79EFBC}") = "Boxes.FunctionalTests", "Boxes.FunctionalTests\Boxes.FunctionalTests.AppHost\Boxes.FunctionalTests.csproj", "{0221804C-2C67-4F48-8746-9A1EB786CFE1}"
EndProject
Global
	GlobalSection(SolutionConfigurationPlatforms) = preSolution
		Debug|Any CPU = Debug|Any CPU
		Release|Any CPU = Release|Any CPU
	EndGlobalSection
	GlobalSection(ProjectConfigurationPlatforms) = postSolution
		{9C9D9473-40A3-408E-96CD-DB0B2ABC09EF}.Debug|Any CPU.ActiveCfg = Debug|Any CPU
		{9C9D9473-40A3-408E-96CD-DB0B2ABC09EF}.Debug|Any CPU.Build.0 = Debug|Any CPU
		{9C9D9473-40A3-408E-96CD-DB0B2ABC09EF}.Release|Any CPU.ActiveCfg = Release|Any CPU
		{9C9D9473-40A3-408E-96CD-DB0B2ABC09EF}.Release|Any CPU.Build.0 = Release|Any CPU
		{3564D3F5-5783-47ED-9E1C-19946DE4D178}.Debug|Any CPU.ActiveCfg = Debug|Any CPU
		{3564D3F5-5783-47ED-9E1C-19946DE4D178}.Debug|Any CPU.Build.0 = Debug|Any CPU
		{3564D3F5-5783-47ED-9E1C-19946DE4D178}.Release|Any CPU.ActiveCfg = Release|Any CPU
		{3564D3F5-5783-47ED-9E1C-19946DE4D178}.Release|Any CPU.Build.0 = Release|Any CPU
		{364DEA51-A572-4628-B226-5C6B310976D4}.Debug|Any CPU.ActiveCfg = Debug|Any CPU
		{364DEA51-A572-4628-B226-5C6B310976D4}.Debug|Any CPU.Build.0 = Debug|Any CPU
		{364DEA51-A572-4628-B226-5C6B310976D4}.Release|Any CPU.ActiveCfg = Release|Any CPU
		{364DEA51-A572-4628-B226-5C6B310976D4}.Release|Any CPU.Build.0 = Release|Any CPU
		{E3132CAB-1A1F-4399-9D66-159340A24D05}.Debug|Any CPU.ActiveCfg = Debug|Any CPU
		{E3132CAB-1A1F-4399-9D66-159340A24D05}.Debug|Any CPU.Build.0 = Debug|Any CPU
		{E3132CAB-1A1F-4399-9D66-159340A24D05}.Release|Any CPU.ActiveCfg = Release|Any CPU
		{E3132CAB-1A1F-4399-9D66-159340A24D05}.Release|Any CPU.Build.0 = Release|Any CPU
		{6A024CAE-C876-4719-9EDC-A01C4DCE1B78}.Debug|Any CPU.ActiveCfg = Debug|Any CPU
		{6A024CAE-C876-4719-9EDC-A01C4DCE1B78}.Debug|Any CPU.Build.0 = Debug|Any CPU
		{6A024CAE-C876-4719-9EDC-A01C4DCE1B78}.Release|Any CPU.ActiveCfg = Release|Any CPU
		{6A024CAE-C876-4719-9EDC-A01C4DCE1B78}.Release|Any CPU.Build.0 = Release|Any CPU
		{D4323325-0171-40F4-9EDA-720B12BEF793}.Debug|Any CPU.ActiveCfg = Debug|Any CPU
		{D4323325-0171-40F4-9EDA-720B12BEF793}.Debug|Any CPU.Build.0 = Debug|Any CPU
		{D4323325-0171-40F4-9EDA-720B12BEF793}.Release|Any CPU.ActiveCfg = Release|Any CPU
		{D4323325-0171-40F4-9EDA-720B12BEF793}.Release|Any CPU.Build.0 = Release|Any CPU
		{39F5B47B-1E81-4F94-829A-28544B6AC4DC}.Debug|Any CPU.ActiveCfg = Debug|Any CPU
		{39F5B47B-1E81-4F94-829A-28544B6AC4DC}.Debug|Any CPU.Build.0 = Debug|Any CPU
		{39F5B47B-1E81-4F94-829A-28544B6AC4DC}.Release|Any CPU.ActiveCfg = Release|Any CPU
		{39F5B47B-1E81-4F94-829A-28544B6AC4DC}.Release|Any CPU.Build.0 = Release|Any CPU
		{8C1A1D08-CCE2-4C75-9660-3B577924C2F5}.Debug|Any CPU.ActiveCfg = Debug|Any CPU
		{8C1A1D08-CCE2-4C75-9660-3B577924C2F5}.Debug|Any CPU.Build.0 = Debug|Any CPU
		{8C1A1D08-CCE2-4C75-9660-3B577924C2F5}.Release|Any CPU.ActiveCfg = Release|Any CPU
		{8C1A1D08-CCE2-4C75-9660-3B577924C2F5}.Release|Any CPU.Build.0 = Release|Any CPU
		{E260BB61-2382-47B2-B5B9-FBB3F4A821CF}.Debug|Any CPU.ActiveCfg = Debug|Any CPU
		{E260BB61-2382-47B2-B5B9-FBB3F4A821CF}.Debug|Any CPU.Build.0 = Debug|Any CPU
		{E260BB61-2382-47B2-B5B9-FBB3F4A821CF}.Release|Any CPU.ActiveCfg = Release|Any CPU
		{E260BB61-2382-47B2-B5B9-FBB3F4A821CF}.Release|Any CPU.Build.0 = Release|Any CPU
		{0BEDB728-A1EF-48C9-850D-F08369D480BB}.Debug|Any CPU.ActiveCfg = Debug|Any CPU
		{0BEDB728-A1EF-48C9-850D-F08369D480BB}.Debug|Any CPU.Build.0 = Debug|Any CPU
		{0BEDB728-A1EF-48C9-850D-F08369D480BB}.Release|Any CPU.ActiveCfg = Release|Any CPU
		{0BEDB728-A1EF-48C9-850D-F08369D480BB}.Release|Any CPU.Build.0 = Release|Any CPU
		{EB6D1D45-03CF-4D94-B2D6-7C7DEC5DE325}.Debug|Any CPU.ActiveCfg = Debug|Any CPU
		{EB6D1D45-03CF-4D94-B2D6-7C7DEC5DE325}.Debug|Any CPU.Build.0 = Debug|Any CPU
		{EB6D1D45-03CF-4D94-B2D6-7C7DEC5DE325}.Release|Any CPU.ActiveCfg = Release|Any CPU
		{EB6D1D45-03CF-4D94-B2D6-7C7DEC5DE325}.Release|Any CPU.Build.0 = Release|Any CPU
		{931E9D55-9167-4E12-ABDA-AFE33B680E5A}.Debug|Any CPU.ActiveCfg = Debug|Any CPU
		{931E9D55-9167-4E12-ABDA-AFE33B680E5A}.Debug|Any CPU.Build.0 = Debug|Any CPU
		{931E9D55-9167-4E12-ABDA-AFE33B680E5A}.Release|Any CPU.ActiveCfg = Release|Any CPU
		{931E9D55-9167-4E12-ABDA-AFE33B680E5A}.Release|Any CPU.Build.0 = Release|Any CPU
		{438E810D-5A0C-4087-AB82-9F0E37C2D715}.Debug|Any CPU.ActiveCfg = Debug|Any CPU
		{438E810D-5A0C-4087-AB82-9F0E37C2D715}.Debug|Any CPU.Build.0 = Debug|Any CPU
		{438E810D-5A0C-4087-AB82-9F0E37C2D715}.Release|Any CPU.ActiveCfg = Release|Any CPU
		{438E810D-5A0C-4087-AB82-9F0E37C2D715}.Release|Any CPU.Build.0 = Release|Any CPU
		{60EFDDD0-B579-4A72-A739-83F8F45EBF82}.Debug|Any CPU.ActiveCfg = Debug|Any CPU
		{60EFDDD0-B579-4A72-A739-83F8F45EBF82}.Debug|Any CPU.Build.0 = Debug|Any CPU
		{60EFDDD0-B579-4A72-A739-83F8F45EBF82}.Release|Any CPU.ActiveCfg = Release|Any CPU
		{60EFDDD0-B579-4A72-A739-83F8F45EBF82}.Release|Any CPU.Build.0 = Release|Any CPU
		{0221804C-2C67-4F48-8746-9A1EB786CFE1}.Debug|Any CPU.ActiveCfg = Debug|Any CPU
		{0221804C-2C67-4F48-8746-9A1EB786CFE1}.Debug|Any CPU.Build.0 = Debug|Any CPU
		{0221804C-2C67-4F48-8746-9A1EB786CFE1}.Release|Any CPU.ActiveCfg = Release|Any CPU
		{0221804C-2C67-4F48-8746-9A1EB786CFE1}.Release|Any CPU.Build.0 = Release|Any CPU
	EndGlobalSection
	GlobalSection(SolutionProperties) = preSolution
		HideSolutionNode = FALSE
	EndGlobalSection
	GlobalSection(NestedProjects) = preSolution
		{9C9D9473-40A3-408E-96CD-DB0B2ABC09EF} = {44302E69-B92A-4163-AEA4-7CDDC437A9D5}
		{3564D3F5-5783-47ED-9E1C-19946DE4D178} = {44302E69-B92A-4163-AEA4-7CDDC437A9D5}
		{364DEA51-A572-4628-B226-5C6B310976D4} = {44302E69-B92A-4163-AEA4-7CDDC437A9D5}
		{1C5C3567-EE60-4814-92A7-61361EC71492} = {1159CF12-74FD-4FF7-9FB4-0A86888148F2}
		{E0C9D82F-F499-40D4-819B-E27635DF2B49} = {1159CF12-74FD-4FF7-9FB4-0A86888148F2}
		{C1C1C989-A8E2-4FEC-BB87-57E5BE314032} = {1159CF12-74FD-4FF7-9FB4-0A86888148F2}
		{5A16724B-F30B-4DFC-A077-1919DE35664E} = {1159CF12-74FD-4FF7-9FB4-0A86888148F2}
		{E3132CAB-1A1F-4399-9D66-159340A24D05} = {1C5C3567-EE60-4814-92A7-61361EC71492}
		{6A024CAE-C876-4719-9EDC-A01C4DCE1B78} = {1C5C3567-EE60-4814-92A7-61361EC71492}
		{D4323325-0171-40F4-9EDA-720B12BEF793} = {1C5C3567-EE60-4814-92A7-61361EC71492}
		{39F5B47B-1E81-4F94-829A-28544B6AC4DC} = {C1C1C989-A8E2-4FEC-BB87-57E5BE314032}
		{8C1A1D08-CCE2-4C75-9660-3B577924C2F5} = {C1C1C989-A8E2-4FEC-BB87-57E5BE314032}
		{44302E69-B92A-4163-AEA4-7CDDC437A9D5} = {1159CF12-74FD-4FF7-9FB4-0A86888148F2}
		{E260BB61-2382-47B2-B5B9-FBB3F4A821CF} = {E0C9D82F-F499-40D4-819B-E27635DF2B49}
		{0BEDB728-A1EF-48C9-850D-F08369D480BB} = {5A16724B-F30B-4DFC-A077-1919DE35664E}
		{EB6D1D45-03CF-4D94-B2D6-7C7DEC5DE325} = {5A16724B-F30B-4DFC-A077-1919DE35664E}
		{931E9D55-9167-4E12-ABDA-AFE33B680E5A} = {44302E69-B92A-4163-AEA4-7CDDC437A9D5}
		{438E810D-5A0C-4087-AB82-9F0E37C2D715} = {C1C1C989-A8E2-4FEC-BB87-57E5BE314032}
		{37A92DE8-9915-45EB-9E02-FD52D0DED5BA} = {3C28385B-484C-4C35-8C20-F12CE3D0994F}
		{60EFDDD0-B579-4A72-A739-83F8F45EBF82} = {37A92DE8-9915-45EB-9E02-FD52D0DED5BA}
		{0221804C-2C67-4F48-8746-9A1EB786CFE1} = {37A92DE8-9915-45EB-9E02-FD52D0DED5BA}
	EndGlobalSection
	GlobalSection(ExtensibilityGlobals) = postSolution
		SolutionGuid = {5A31CD87-E456-45A5-951A-55B433B4DB8A}
	EndGlobalSection
EndGlobal
